{
  "name": "custom-arr-methods",
  "version": "1.1.4",
  "lockfileVersion": 2,
  "requires": true,
  "packages": {
    "": {
      "name": "custom-arr-methods",
      "version": "1.1.4",
      "license": "ISC",
      "dependencies": {}
    },
    "node_modules/custom-arr-methods": {
      "version": "1.1.4",
      "resolved": "https://registry.npmjs.org/custom-arr-methods/-/custom-arr-methods-1.1.4.tgz",
      "integrity": "sha512-NogEbRDQZT+tBR0GKGP8HfHWtmlQOuhLCc5ocB1bKdD7W6qnNHpd+y0LV0oUA3PCTGo4I0XhINrvyKq1q6BbPQ=="
    }
  },
  "dependencies": {
    "custom-arr-methods": {
      "version": "1.1.4",
      "resolved": "https://registry.npmjs.org/custom-arr-methods/-/custom-arr-methods-1.1.4.tgz",
      "integrity": "sha512-NogEbRDQZT+tBR0GKGP8HfHWtmlQOuhLCc5ocB1bKdD7W6qnNHpd+y0LV0oUA3PCTGo4I0XhINrvyKq1q6BbPQ=="
    }
  }
}
